
Microsoft Visual Studio Solution File, Format Version 12.00
# Visual Studio Version 17
VisualStudioVersion = 17.4.33110.190
MinimumVisualStudioVersion = 10.0.40219.1
Project("{FAE04EC0-301F-11D3-BF4B-00C04F79EFBC}") = "La-Mia-Pizzeria-1", "La-Mia-Pizzeria-1\La-Mia-Pizzeria-1.csproj", "{1BF0C90B-39A2-4239-91AB-55E16CADD7EC}"
EndProject
Global
	GlobalSection(SolutionConfigurationPlatforms) = preSolution
		Debug|Any CPU = Debug|Any CPU
		Release|Any CPU = Release|Any CPU
	EndGlobalSection
	GlobalSection(ProjectConfigurationPlatforms) = postSolution
		{1BF0C90B-39A2-4239-91AB-55E16CADD7EC}.Debug|Any CPU.ActiveCfg = Debug|Any CPU
		{1BF0C90B-39A2-4239-91AB-55E16CADD7EC}.Debug|Any CPU.Build.0 = Debug|Any CPU
		{1BF0C90B-39A2-4239-91AB-55E16CADD7EC}.Release|Any CPU.ActiveCfg = Release|Any CPU
		{1BF0C90B-39A2-4239-91AB-55E16CADD7EC}.Release|Any CPU.Build.0 = Release|Any CPU
	EndGlobalSection
	GlobalSection(SolutionProperties) = preSolution
		HideSolutionNode = FALSE
	EndGlobalSection
	GlobalSection(ExtensibilityGlobals) = postSolution
		SolutionGuid = {0F298288-E053-41A4-A58F-6F8703509755}
	EndGlobalSection
EndGlobal
